
Microsoft Visual Studio Solution File, Format Version 12.00
# Visual Studio Version 17
VisualStudioVersion = 17.14.36301.6 d17.14
MinimumVisualStudioVersion = 10.0.40219.1
Project("{8BC9CEB8-8B4A-11D0-8D11-00A0C91BC942}") = "25MCS0004_CAO_Lab", "25MCS0004_CAO_Lab\25MCS0004_CAO_Lab.vcxproj", "{12F962A3-5552-4CE4-BF7E-2B5A1A572ECB}"
EndProject
Global
	GlobalSection(SolutionConfigurationPlatforms) = preSolution
		Debug|ARM64 = Debug|ARM64
		Debug|x64 = Debug|x64
		Debug|x86 = Debug|x86
		Release|ARM64 = Release|ARM64
		Release|x64 = Release|x64
		Release|x86 = Release|x86
	EndGlobalSection
	GlobalSection(ProjectConfigurationPlatforms) = postSolution
		{12F962A3-5552-4CE4-BF7E-2B5A1A572ECB}.Debug|ARM64.ActiveCfg = Debug|ARM64
		{12F962A3-5552-4CE4-BF7E-2B5A1A572ECB}.Debug|ARM64.Build.0 = Debug|ARM64
		{12F962A3-5552-4CE4-BF7E-2B5A1A572ECB}.Debug|x64.ActiveCfg = Debug|x64
		{12F962A3-5552-4CE4-BF7E-2B5A1A572ECB}.Debug|x64.Build.0 = Debug|x64
		{12F962A3-5552-4CE4-BF7E-2B5A1A572ECB}.Debug|x86.ActiveCfg = Debug|Win32
		{12F962A3-5552-4CE4-BF7E-2B5A1A572ECB}.Debug|x86.Build.0 = Debug|Win32
		{12F962A3-5552-4CE4-BF7E-2B5A1A572ECB}.Release|ARM64.ActiveCfg = Release|ARM64
		{12F962A3-5552-4CE4-BF7E-2B5A1A572ECB}.Release|ARM64.Build.0 = Release|ARM64
		{12F962A3-5552-4CE4-BF7E-2B5A1A572ECB}.Release|x64.ActiveCfg = Release|x64
		{12F962A3-5552-4CE4-BF7E-2B5A1A572ECB}.Release|x64.Build.0 = Release|x64
		{12F962A3-5552-4CE4-BF7E-2B5A1A572ECB}.Release|x86.ActiveCfg = Release|Win32
		{12F962A3-5552-4CE4-BF7E-2B5A1A572ECB}.Release|x86.Build.0 = Release|Win32
	EndGlobalSection
	GlobalSection(SolutionProperties) = preSolution
		HideSolutionNode = FALSE
	EndGlobalSection
	GlobalSection(ExtensibilityGlobals) = postSolution
		SolutionGuid = {0E19D5AB-7B0E-4C7C-88A7-14E71F98E764}
	EndGlobalSection
EndGlobal
